
Microsoft Visual Studio Solution File, Format Version 12.00
# Visual Studio Version 17
VisualStudioVersion = 17.3.32819.101
MinimumVisualStudioVersion = 10.0.40219.1
Project("{9A19103F-16F7-4668-BE54-9A1E7A4F7556}") = "StudentTest", "StudentTest.csproj", "{05188CF9-5E06-4F24-8C22-BE4E28B8E33A}"
EndProject
Project("{FAE04EC0-301F-11D3-BF4B-00C04F79EFBC}") = "StudentApiXunitTest", "..\StudentApiXunitTest\StudentApiXunitTest.csproj", "{8BD21F80-2264-493C-B7D1-5CF3569AD93A}"
EndProject
Project("{FAE04EC0-301F-11D3-BF4B-00C04F79EFBC}") = "TestProject1", "..\TestProject1\TestProject1.csproj", "{D0E2D13D-1B3E-416C-9F0E-AC6655B7EB45}"
EndProject
Global
	GlobalSection(SolutionConfigurationPlatforms) = preSolution
		Debug|Any CPU = Debug|Any CPU
		Release|Any CPU = Release|Any CPU
	EndGlobalSection
	GlobalSection(ProjectConfigurationPlatforms) = postSolution
		{05188CF9-5E06-4F24-8C22-BE4E28B8E33A}.Debug|Any CPU.ActiveCfg = Debug|Any CPU
		{05188CF9-5E06-4F24-8C22-BE4E28B8E33A}.Debug|Any CPU.Build.0 = Debug|Any CPU
		{05188CF9-5E06-4F24-8C22-BE4E28B8E33A}.Release|Any CPU.ActiveCfg = Release|Any CPU
		{05188CF9-5E06-4F24-8C22-BE4E28B8E33A}.Release|Any CPU.Build.0 = Release|Any CPU
		{8BD21F80-2264-493C-B7D1-5CF3569AD93A}.Debug|Any CPU.ActiveCfg = Debug|Any CPU
		{8BD21F80-2264-493C-B7D1-5CF3569AD93A}.Debug|Any CPU.Build.0 = Debug|Any CPU
		{8BD21F80-2264-493C-B7D1-5CF3569AD93A}.Release|Any CPU.ActiveCfg = Release|Any CPU
		{8BD21F80-2264-493C-B7D1-5CF3569AD93A}.Release|Any CPU.Build.0 = Release|Any CPU
		{D0E2D13D-1B3E-416C-9F0E-AC6655B7EB45}.Debug|Any CPU.ActiveCfg = Debug|Any CPU
		{D0E2D13D-1B3E-416C-9F0E-AC6655B7EB45}.Debug|Any CPU.Build.0 = Debug|Any CPU
		{D0E2D13D-1B3E-416C-9F0E-AC6655B7EB45}.Release|Any CPU.ActiveCfg = Release|Any CPU
		{D0E2D13D-1B3E-416C-9F0E-AC6655B7EB45}.Release|Any CPU.Build.0 = Release|Any CPU
	EndGlobalSection
	GlobalSection(SolutionProperties) = preSolution
		HideSolutionNode = FALSE
	EndGlobalSection
	GlobalSection(ExtensibilityGlobals) = postSolution
		SolutionGuid = {9E50DC7A-EEC9-415E-A06D-003F88794F3D}
	EndGlobalSection
EndGlobal
